{
  "name": "omi-all",
  "lockfileVersion": 3,
  "requires": true,
  "packages": {
    "": {
      "devDependencies": {
        "@types/react-native-vector-icons": "^6.4.18"
      }
    },
    "node_modules/@types/react": {
      "version": "19.1.8",
      "resolved": "https://registry.npmjs.org/@types/react/-/react-19.1.8.tgz",
      "integrity": "sha512-AwAfQ2Wa5bCx9WP8nZL2uMZWod7J7/JSplxbTmBQ5ms6QpqNYm672H0Vu9ZVKVngQ+ii4R/byguVEUZQyeg44g==",
      "dev": true,
      "license": "MIT",
      "dependencies": {
        "csstype": "^3.0.2"
      }
    },
    "node_modules/@types/react-native": {
      "version": "0.70.19",
      "resolved": "https://registry.npmjs.org/@types/react-native/-/react-native-0.70.19.tgz",
      "integrity": "sha512-c6WbyCgWTBgKKMESj/8b4w+zWcZSsCforson7UdXtXMecG3MxCinYi6ihhrHVPyUrVzORsvEzK8zg32z4pK6Sg==",
      "dev": true,
      "license": "MIT",
      "dependencies": {
        "@types/react": "*"
      }
    },
    "node_modules/@types/react-native-vector-icons": {
      "version": "6.4.18",
      "resolved": "https://registry.npmjs.org/@types/react-native-vector-icons/-/react-native-vector-icons-6.4.18.tgz",
      "integrity": "sha512-YGlNWb+k5laTBHd7+uZowB9DpIK3SXUneZqAiKQaj1jnJCZM0x71GDim5JCTMi4IFkhc9m8H/Gm28T5BjyivUw==",
      "dev": true,
      "license": "MIT",
      "dependencies": {
        "@types/react": "*",
        "@types/react-native": "^0.70"
      }
    },
    "node_modules/csstype": {
      "version": "3.1.3",
      "resolved": "https://registry.npmjs.org/csstype/-/csstype-3.1.3.tgz",
      "integrity": "sha512-M1uQkMl8rQK/szD0LNhtqxIPLpimGm8sOBwU7lLnCpSbTyY3yeU1Vc7l4KT5zT4s/yOxHH5O7tIuuLOCnLADRw==",
      "dev": true,
      "license": "MIT"
    }
  }
}
